<Solution>
  <Folder Name="/src/">
    <Project Path="src/Maq.Source/Maq.Source.csproj" />
    <Project Path="src/Maq.Syntax/Maq.Syntax.csproj" />
  </Folder>
  <Folder Name="/tests/">
    <Project Path="tests/Maq.Source.Tests/Maq.Source.Tests.csproj" />
  </Folder>
  <Folder Name="/tools/" />
  <Folder Name="/tools/Docs.DependencyGraph/">
    <Project Path="tools/Docs.DependencyGraph/Maq.Docs.DependencyGraph.csproj" />
  </Folder>
</Solution>
