<Solution>
  <Folder Name="/src/">
    <Project Path="src/Maq.Compiler/Maq.Compiler.csproj" />
    <Project Path="src/Maq.IR/Maq.IR.csproj" />
    <Project Path="src/Maq.Source/Maq.Source.csproj" />
    <Project Path="src/Maq.Syntax/Maq.Syntax.csproj" />
  </Folder>
  <Folder Name="/tests/">
    <Project Path="tests/Maq.Compiler.Tests/Maq.Compiler.Tests.csproj" />
    <Project Path="tests/Maq.IR.Tests/Maq.IR.Tests.csproj" />
    <Project Path="tests/Maq.Source.Tests/Maq.Source.Tests.csproj" />
    <Project Path="tests/Maq.Syntax.Tests/Maq.Syntax.Tests.csproj" />
  </Folder>
  <Folder Name="/tools/" />
  <Folder Name="/tools/Maq.Tools.DependencyGraph/">
    <Project Path="tools/Maq.Tools.DependencyGraph/Maq.Tools.DependencyGraph.csproj" />
  </Folder>
</Solution>
